// !$*UTF8*$!
{
	archiveVersion = 1;
	classes = {
	};
	objectVersion = 54;
	objects = {

/* Begin PBXBuildFile section */
		7027FABB62D0D51492B19DDF /* libPods-SFSymbolsPreview.a in Frameworks */ = {isa = PBXBuildFile; fileRef = 86802AD8D6BDAF81C550762A /* libPods-SFSymbolsPreview.a */; };
		7E0C9547247E65890029F521 /* AppDelegate.m in Sources */ = {isa = PBXBuildFile; fileRef = 7E0C9546247E65890029F521 /* AppDelegate.m */; };
		7E0C954A247E65890029F521 /* SceneDelegate.m in Sources */ = {isa = PBXBuildFile; fileRef = 7E0C9549247E65890029F521 /* SceneDelegate.m */; };
		7E0C9552247E658C0029F521 /* Assets.xcassets in Resources */ = {isa = PBXBuildFile; fileRef = 7E0C9551247E658C0029F521 /* Assets.xcassets */; };
		7E0C9555247E658C0029F521 /* LaunchScreen.storyboard in Resources */ = {isa = PBXBuildFile; fileRef = 7E0C9553247E658C0029F521 /* LaunchScreen.storyboard */; };
		7E0C9558247E658C0029F521 /* main.m in Sources */ = {isa = PBXBuildFile; fileRef = 7E0C9557247E658C0029F521 /* main.m */; };
		7E0C9560247E65F50029F521 /* SymbolsViewController.m in Sources */ = {isa = PBXBuildFile; fileRef = 7E0C955F247E65F50029F521 /* SymbolsViewController.m */; };
		7E0C9563247E6B520029F521 /* SymbolSearchResultsViewController.m in Sources */ = {isa = PBXBuildFile; fileRef = 7E0C9562247E6B520029F521 /* SymbolSearchResultsViewController.m */; };
		7E0C9569247E6BD60029F521 /* SymbolPreviewCell.m in Sources */ = {isa = PBXBuildFile; fileRef = 7E0C9568247E6BD60029F521 /* SymbolPreviewCell.m */; };
		7E0C956F247E71570029F521 /* SFReusableTitleView.m in Sources */ = {isa = PBXBuildFile; fileRef = 7E0C956E247E71570029F521 /* SFReusableTitleView.m */; };
		7E0C9572247F43180029F521 /* SFSymbol.m in Sources */ = {isa = PBXBuildFile; fileRef = 7E0C9571247F43180029F521 /* SFSymbol.m */; };
		7E0C957D247F588E0029F521 /* SFCategoriesViewController.m in Sources */ = {isa = PBXBuildFile; fileRef = 7E0C957C247F588E0029F521 /* SFCategoriesViewController.m */; };
		7E0C9580247F5F280029F521 /* SFSymbolCategory.m in Sources */ = {isa = PBXBuildFile; fileRef = 7E0C957F247F5F280029F521 /* SFSymbolCategory.m */; };
		7EE40721247F861600A68520 /* SFSymbolDataSource.m in Sources */ = {isa = PBXBuildFile; fileRef = 7EE40720247F861600A68520 /* SFSymbolDataSource.m */; };
		CC171F6F27E2CF3000981050 /* SFOutlineImageView.m in Sources */ = {isa = PBXBuildFile; fileRef = CC171F6E27E2CF3000981050 /* SFOutlineImageView.m */; };
		CC2A90D32C67D57700FF52E7 /* Localizable.strings in Resources */ = {isa = PBXBuildFile; fileRef = CC2A90D12C67D57700FF52E7 /* Localizable.strings */; };
		CC36F10927D3385D000C4495 /* symbol_search.plist in Resources */ = {isa = PBXBuildFile; fileRef = CC36F10227D3385B000C4495 /* symbol_search.plist */; };
		CC36F10A27D3385D000C4495 /* name_availability.plist in Resources */ = {isa = PBXBuildFile; fileRef = CC36F10327D3385B000C4495 /* name_availability.plist */; };
		CC36F10B27D3385D000C4495 /* categories.plist in Resources */ = {isa = PBXBuildFile; fileRef = CC36F10427D3385B000C4495 /* categories.plist */; };
		CC36F10C27D3385D000C4495 /* name_aliases_strings.txt in Resources */ = {isa = PBXBuildFile; fileRef = CC36F10527D3385C000C4495 /* name_aliases_strings.txt */; };
		CC36F10D27D3385D000C4495 /* layerset_availability.plist in Resources */ = {isa = PBXBuildFile; fileRef = CC36F10627D3385C000C4495 /* layerset_availability.plist */; };
		CC36F10E27D3385D000C4495 /* legacy_aliases_strings.txt in Resources */ = {isa = PBXBuildFile; fileRef = CC36F10727D3385C000C4495 /* legacy_aliases_strings.txt */; };
		CC36F10F27D3385D000C4495 /* symbol_categories.plist in Resources */ = {isa = PBXBuildFile; fileRef = CC36F10827D3385D000C4495 /* symbol_categories.plist */; };
		CC36F11227D33E8B000C4495 /* SFSymbolAvailability.m in Sources */ = {isa = PBXBuildFile; fileRef = CC36F11127D33E8B000C4495 /* SFSymbolAvailability.m */; };
		CC36F11427D34E02000C4495 /* version.plist in Resources */ = {isa = PBXBuildFile; fileRef = CC36F11327D34E02000C4495 /* version.plist */; };
		CC5BBDE527D904B40021B9FB /* SymbolKeyValueTableViewCell.m in Sources */ = {isa = PBXBuildFile; fileRef = CC5BBDE427D904B40021B9FB /* SymbolKeyValueTableViewCell.m */; };
		CC5BBDE827D9053E0021B9FB /* SymbolTextTableViewCell.m in Sources */ = {isa = PBXBuildFile; fileRef = CC5BBDE727D9053E0021B9FB /* SymbolTextTableViewCell.m */; };
		CC5BBDEB27D9054C0021B9FB /* SymbolActionTableViewCell.m in Sources */ = {isa = PBXBuildFile; fileRef = CC5BBDEA27D9054C0021B9FB /* SymbolActionTableViewCell.m */; };
		CC5BBDED27D90EBA0021B9FB /* symbol_variant_scripts.json in Resources */ = {isa = PBXBuildFile; fileRef = CC5BBDEC27D90EBA0021B9FB /* symbol_variant_scripts.json */; };
		CC7A0FBB27DA3D8200C5DCD5 /* ObjectCell.m in Sources */ = {isa = PBXBuildFile; fileRef = CC7A0FB527DA3D8200C5DCD5 /* ObjectCell.m */; };
		CC7A0FBC27DA3D8200C5DCD5 /* ObjectTableViewController.m in Sources */ = {isa = PBXBuildFile; fileRef = CC7A0FB627DA3D8200C5DCD5 /* ObjectTableViewController.m */; };
		CC7A0FBD27DA3D8200C5DCD5 /* ObjectNode.m in Sources */ = {isa = PBXBuildFile; fileRef = CC7A0FBA27DA3D8200C5DCD5 /* ObjectNode.m */; };
		CC7A0FC327DCD52C00C5DCD5 /* NSData+Hexadecimal.m in Sources */ = {isa = PBXBuildFile; fileRef = CC7A0FC227DCD52C00C5DCD5 /* NSData+Hexadecimal.m */; };
		CCA4D99327D36BE0009D2777 /* colors.csv in Resources */ = {isa = PBXBuildFile; fileRef = CCA4D99227D36BE0009D2777 /* colors.csv */; };
		CCA4D99527D36BE7009D2777 /* symbol_variant_scripts.csv in Resources */ = {isa = PBXBuildFile; fileRef = CCA4D99427D36BE7009D2777 /* symbol_variant_scripts.csv */; };
		CCA4D9A027D37C55009D2777 /* symbols.plist in Resources */ = {isa = PBXBuildFile; fileRef = CCA4D99F27D37C55009D2777 /* symbols.plist */; };
		CCE6171127D871B7004E384D /* SymbolGroupedDetailsViewController.m in Sources */ = {isa = PBXBuildFile; fileRef = CCE6171027D871B7004E384D /* SymbolGroupedDetailsViewController.m */; };
		CCEED35E27E043E10041247B /* Settings.bundle in Resources */ = {isa = PBXBuildFile; fileRef = CCEED35D27E043E10041247B /* Settings.bundle */; };
		CCEED36127E084090041247B /* UIColor+HexColor.m in Sources */ = {isa = PBXBuildFile; fileRef = CCEED36027E084090041247B /* UIColor+HexColor.m */; };
/* End PBXBuildFile section */

/* Begin PBXFileReference section */
		3AC79A240E7B601DA91945A6 /* Pods-SFSymbolsPreview.debug.xcconfig */ = {isa = PBXFileReference; includeInIndex = 1; lastKnownFileType = text.xcconfig; name = "Pods-SFSymbolsPreview.debug.xcconfig"; path = "Target Support Files/Pods-SFSymbolsPreview/Pods-SFSymbolsPreview.debug.xcconfig"; sourceTree = "<group>"; };
		4907949C136C32846895E058 /* Pods-SFSymbolsPreview.release.xcconfig */ = {isa = PBXFileReference; includeInIndex = 1; lastKnownFileType = text.xcconfig; name = "Pods-SFSymbolsPreview.release.xcconfig"; path = "Target Support Files/Pods-SFSymbolsPreview/Pods-SFSymbolsPreview.release.xcconfig"; sourceTree = "<group>"; };
		7E0C9542247E65890029F521 /* SF Symbols.app */ = {isa = PBXFileReference; explicitFileType = wrapper.application; includeInIndex = 0; path = "SF Symbols.app"; sourceTree = BUILT_PRODUCTS_DIR; };
		7E0C9545247E65890029F521 /* AppDelegate.h */ = {isa = PBXFileReference; lastKnownFileType = sourcecode.c.h; path = AppDelegate.h; sourceTree = "<group>"; };
		7E0C9546247E65890029F521 /* AppDelegate.m */ = {isa = PBXFileReference; lastKnownFileType = sourcecode.c.objc; path = AppDelegate.m; sourceTree = "<group>"; };
		7E0C9548247E65890029F521 /* SceneDelegate.h */ = {isa = PBXFileReference; lastKnownFileType = sourcecode.c.h; path = SceneDelegate.h; sourceTree = "<group>"; };
		7E0C9549247E65890029F521 /* SceneDelegate.m */ = {isa = PBXFileReference; lastKnownFileType = sourcecode.c.objc; path = SceneDelegate.m; sourceTree = "<group>"; };
		7E0C9551247E658C0029F521 /* Assets.xcassets */ = {isa = PBXFileReference; lastKnownFileType = folder.assetcatalog; path = Assets.xcassets; sourceTree = "<group>"; };
		7E0C9554247E658C0029F521 /* Base */ = {isa = PBXFileReference; lastKnownFileType = file.storyboard; name = Base; path = Base.lproj/LaunchScreen.storyboard; sourceTree = "<group>"; };
		7E0C9556247E658C0029F521 /* Info.plist */ = {isa = PBXFileReference; lastKnownFileType = text.plist.xml; path = Info.plist; sourceTree = "<group>"; };
		7E0C9557247E658C0029F521 /* main.m */ = {isa = PBXFileReference; lastKnownFileType = sourcecode.c.objc; path = main.m; sourceTree = "<group>"; };
		7E0C955E247E65F50029F521 /* SymbolsViewController.h */ = {isa = PBXFileReference; lastKnownFileType = sourcecode.c.h; path = SymbolsViewController.h; sourceTree = "<group>"; };
		7E0C955F247E65F50029F521 /* SymbolsViewController.m */ = {isa = PBXFileReference; lastKnownFileType = sourcecode.c.objc; path = SymbolsViewController.m; sourceTree = "<group>"; };
		7E0C9561247E6B520029F521 /* SymbolSearchResultsViewController.h */ = {isa = PBXFileReference; lastKnownFileType = sourcecode.c.h; path = SymbolSearchResultsViewController.h; sourceTree = "<group>"; };
		7E0C9562247E6B520029F521 /* SymbolSearchResultsViewController.m */ = {isa = PBXFileReference; lastKnownFileType = sourcecode.c.objc; path = SymbolSearchResultsViewController.m; sourceTree = "<group>"; };
		7E0C9567247E6BD60029F521 /* SymbolPreviewCell.h */ = {isa = PBXFileReference; lastKnownFileType = sourcecode.c.h; path = SymbolPreviewCell.h; sourceTree = "<group>"; };
		7E0C9568247E6BD60029F521 /* SymbolPreviewCell.m */ = {isa = PBXFileReference; lastKnownFileType = sourcecode.c.objc; path = SymbolPreviewCell.m; sourceTree = "<group>"; };
		7E0C956D247E71570029F521 /* SFReusableTitleView.h */ = {isa = PBXFileReference; lastKnownFileType = sourcecode.c.h; path = SFReusableTitleView.h; sourceTree = "<group>"; };
		7E0C956E247E71570029F521 /* SFReusableTitleView.m */ = {isa = PBXFileReference; lastKnownFileType = sourcecode.c.objc; path = SFReusableTitleView.m; sourceTree = "<group>"; };
		7E0C9570247F43180029F521 /* SFSymbol.h */ = {isa = PBXFileReference; lastKnownFileType = sourcecode.c.h; path = SFSymbol.h; sourceTree = "<group>"; };
		7E0C9571247F43180029F521 /* SFSymbol.m */ = {isa = PBXFileReference; lastKnownFileType = sourcecode.c.objc; path = SFSymbol.m; sourceTree = "<group>"; };
		7E0C957B247F588E0029F521 /* SFCategoriesViewController.h */ = {isa = PBXFileReference; lastKnownFileType = sourcecode.c.h; path = SFCategoriesViewController.h; sourceTree = "<group>"; };
		7E0C957C247F588E0029F521 /* SFCategoriesViewController.m */ = {isa = PBXFileReference; lastKnownFileType = sourcecode.c.objc; path = SFCategoriesViewController.m; sourceTree = "<group>"; };
		7E0C957E247F5F280029F521 /* SFSymbolCategory.h */ = {isa = PBXFileReference; lastKnownFileType = sourcecode.c.h; path = SFSymbolCategory.h; sourceTree = "<group>"; };
		7E0C957F247F5F280029F521 /* SFSymbolCategory.m */ = {isa = PBXFileReference; lastKnownFileType = sourcecode.c.objc; path = SFSymbolCategory.m; sourceTree = "<group>"; };
		7EE4071F247F861600A68520 /* SFSymbolDataSource.h */ = {isa = PBXFileReference; lastKnownFileType = sourcecode.c.h; path = SFSymbolDataSource.h; sourceTree = "<group>"; };
		7EE40720247F861600A68520 /* SFSymbolDataSource.m */ = {isa = PBXFileReference; lastKnownFileType = sourcecode.c.objc; path = SFSymbolDataSource.m; sourceTree = "<group>"; };
		86802AD8D6BDAF81C550762A /* libPods-SFSymbolsPreview.a */ = {isa = PBXFileReference; explicitFileType = archive.ar; includeInIndex = 0; path = "libPods-SFSymbolsPreview.a"; sourceTree = BUILT_PRODUCTS_DIR; };
		CC171F6D27E2CF3000981050 /* SFOutlineImageView.h */ = {isa = PBXFileReference; lastKnownFileType = sourcecode.c.h; path = SFOutlineImageView.h; sourceTree = "<group>"; };
		CC171F6E27E2CF3000981050 /* SFOutlineImageView.m */ = {isa = PBXFileReference; lastKnownFileType = sourcecode.c.objc; path = SFOutlineImageView.m; sourceTree = "<group>"; };
		CC2A90D22C67D57700FF52E7 /* en */ = {isa = PBXFileReference; lastKnownFileType = text.plist.strings; name = en; path = en.lproj/Localizable.strings; sourceTree = "<group>"; };
		CC2A90D42C67D5A700FF52E7 /* zh-Hans */ = {isa = PBXFileReference; lastKnownFileType = text.plist.strings; name = "zh-Hans"; path = "zh-Hans.lproj/Localizable.strings"; sourceTree = "<group>"; };
		CC36F10227D3385B000C4495 /* symbol_search.plist */ = {isa = PBXFileReference; fileEncoding = 4; lastKnownFileType = text.plist.xml; path = symbol_search.plist; sourceTree = "<group>"; };
		CC36F10327D3385B000C4495 /* name_availability.plist */ = {isa = PBXFileReference; fileEncoding = 4; lastKnownFileType = text.plist.xml; path = name_availability.plist; sourceTree = "<group>"; };
		CC36F10427D3385B000C4495 /* categories.plist */ = {isa = PBXFileReference; fileEncoding = 4; lastKnownFileType = text.plist.xml; path = categories.plist; sourceTree = "<group>"; };
		CC36F10527D3385C000C4495 /* name_aliases_strings.txt */ = {isa = PBXFileReference; fileEncoding = 4; lastKnownFileType = text; path = name_aliases_strings.txt; sourceTree = "<group>"; };
		CC36F10627D3385C000C4495 /* layerset_availability.plist */ = {isa = PBXFileReference; fileEncoding = 4; lastKnownFileType = text.plist.xml; path = layerset_availability.plist; sourceTree = "<group>"; };
		CC36F10727D3385C000C4495 /* legacy_aliases_strings.txt */ = {isa = PBXFileReference; fileEncoding = 4; lastKnownFileType = text; path = legacy_aliases_strings.txt; sourceTree = "<group>"; };
		CC36F10827D3385D000C4495 /* symbol_categories.plist */ = {isa = PBXFileReference; fileEncoding = 4; lastKnownFileType = text.plist.xml; path = symbol_categories.plist; sourceTree = "<group>"; };
		CC36F11027D33E8B000C4495 /* SFSymbolAvailability.h */ = {isa = PBXFileReference; lastKnownFileType = sourcecode.c.h; path = SFSymbolAvailability.h; sourceTree = "<group>"; };
		CC36F11127D33E8B000C4495 /* SFSymbolAvailability.m */ = {isa = PBXFileReference; lastKnownFileType = sourcecode.c.objc; path = SFSymbolAvailability.m; sourceTree = "<group>"; };
		CC36F11327D34E02000C4495 /* version.plist */ = {isa = PBXFileReference; fileEncoding = 4; lastKnownFileType = text.plist.xml; path = version.plist; sourceTree = "<group>"; };
		CC36F11527D35951000C4495 /* SFSymbolsPreview.entitlements */ = {isa = PBXFileReference; lastKnownFileType = text.plist.entitlements; path = SFSymbolsPreview.entitlements; sourceTree = "<group>"; };
		CC5BBDE327D904B40021B9FB /* SymbolKeyValueTableViewCell.h */ = {isa = PBXFileReference; lastKnownFileType = sourcecode.c.h; path = SymbolKeyValueTableViewCell.h; sourceTree = "<group>"; };
		CC5BBDE427D904B40021B9FB /* SymbolKeyValueTableViewCell.m */ = {isa = PBXFileReference; lastKnownFileType = sourcecode.c.objc; path = SymbolKeyValueTableViewCell.m; sourceTree = "<group>"; };
		CC5BBDE627D9053E0021B9FB /* SymbolTextTableViewCell.h */ = {isa = PBXFileReference; lastKnownFileType = sourcecode.c.h; path = SymbolTextTableViewCell.h; sourceTree = "<group>"; };
		CC5BBDE727D9053E0021B9FB /* SymbolTextTableViewCell.m */ = {isa = PBXFileReference; lastKnownFileType = sourcecode.c.objc; path = SymbolTextTableViewCell.m; sourceTree = "<group>"; };
		CC5BBDE927D9054C0021B9FB /* SymbolActionTableViewCell.h */ = {isa = PBXFileReference; lastKnownFileType = sourcecode.c.h; path = SymbolActionTableViewCell.h; sourceTree = "<group>"; };
		CC5BBDEA27D9054C0021B9FB /* SymbolActionTableViewCell.m */ = {isa = PBXFileReference; lastKnownFileType = sourcecode.c.objc; path = SymbolActionTableViewCell.m; sourceTree = "<group>"; };
		CC5BBDEC27D90EBA0021B9FB /* symbol_variant_scripts.json */ = {isa = PBXFileReference; fileEncoding = 4; lastKnownFileType = text.json; path = symbol_variant_scripts.json; sourceTree = "<group>"; };
		CC7A0FB427DA3D8200C5DCD5 /* ObjectNode.h */ = {isa = PBXFileReference; fileEncoding = 4; lastKnownFileType = sourcecode.c.h; path = ObjectNode.h; sourceTree = "<group>"; };
		CC7A0FB527DA3D8200C5DCD5 /* ObjectCell.m */ = {isa = PBXFileReference; fileEncoding = 4; lastKnownFileType = sourcecode.c.objc; path = ObjectCell.m; sourceTree = "<group>"; };
		CC7A0FB627DA3D8200C5DCD5 /* ObjectTableViewController.m */ = {isa = PBXFileReference; fileEncoding = 4; lastKnownFileType = sourcecode.c.objc; path = ObjectTableViewController.m; sourceTree = "<group>"; };
		CC7A0FB727DA3D8200C5DCD5 /* ObjectCell.h */ = {isa = PBXFileReference; fileEncoding = 4; lastKnownFileType = sourcecode.c.h; path = ObjectCell.h; sourceTree = "<group>"; };
		CC7A0FB827DA3D8200C5DCD5 /* ObjectTableViewController.h */ = {isa = PBXFileReference; fileEncoding = 4; lastKnownFileType = sourcecode.c.h; path = ObjectTableViewController.h; sourceTree = "<group>"; };
		CC7A0FB927DA3D8200C5DCD5 /* ObjectNode-Private.h */ = {isa = PBXFileReference; fileEncoding = 4; lastKnownFileType = sourcecode.c.h; path = "ObjectNode-Private.h"; sourceTree = "<group>"; };
		CC7A0FBA27DA3D8200C5DCD5 /* ObjectNode.m */ = {isa = PBXFileReference; fileEncoding = 4; lastKnownFileType = sourcecode.c.objc; path = ObjectNode.m; sourceTree = "<group>"; };
		CC7A0FC127DCD52C00C5DCD5 /* NSData+Hexadecimal.h */ = {isa = PBXFileReference; lastKnownFileType = sourcecode.c.h; path = "NSData+Hexadecimal.h"; sourceTree = "<group>"; };
		CC7A0FC227DCD52C00C5DCD5 /* NSData+Hexadecimal.m */ = {isa = PBXFileReference; lastKnownFileType = sourcecode.c.objc; path = "NSData+Hexadecimal.m"; sourceTree = "<group>"; };
		CCA4D98E27D367A2009D2777 /* layersets.plist */ = {isa = PBXFileReference; lastKnownFileType = text.plist.xml; path = layersets.plist; sourceTree = "<group>"; };
		CCA4D99227D36BE0009D2777 /* colors.csv */ = {isa = PBXFileReference; fileEncoding = 4; lastKnownFileType = text; path = colors.csv; sourceTree = "<group>"; };
		CCA4D99427D36BE7009D2777 /* symbol_variant_scripts.csv */ = {isa = PBXFileReference; fileEncoding = 4; lastKnownFileType = text; path = symbol_variant_scripts.csv; sourceTree = "<group>"; };
		CCA4D99F27D37C55009D2777 /* symbols.plist */ = {isa = PBXFileReference; lastKnownFileType = file.bplist; path = symbols.plist; sourceTree = "<group>"; };
		CCE6170F27D871B7004E384D /* SymbolGroupedDetailsViewController.h */ = {isa = PBXFileReference; lastKnownFileType = sourcecode.c.h; path = SymbolGroupedDetailsViewController.h; sourceTree = "<group>"; };
		CCE6171027D871B7004E384D /* SymbolGroupedDetailsViewController.m */ = {isa = PBXFileReference; lastKnownFileType = sourcecode.c.objc; path = SymbolGroupedDetailsViewController.m; sourceTree = "<group>"; };
		CCEED35D27E043E10041247B /* Settings.bundle */ = {isa = PBXFileReference; lastKnownFileType = "wrapper.plug-in"; path = Settings.bundle; sourceTree = "<group>"; };
		CCEED35F27E084090041247B /* UIColor+HexColor.h */ = {isa = PBXFileReference; lastKnownFileType = sourcecode.c.h; path = "UIColor+HexColor.h"; sourceTree = "<group>"; };
		CCEED36027E084090041247B /* UIColor+HexColor.m */ = {isa = PBXFileReference; lastKnownFileType = sourcecode.c.objc; path = "UIColor+HexColor.m"; sourceTree = "<group>"; };
/* End PBXFileReference section */

/* Begin PBXFrameworksBuildPhase section */
		7E0C953F247E65890029F521 /* Frameworks */ = {
			isa = PBXFrameworksBuildPhase;
			buildActionMask = 2147483647;
			files = (
				7027FABB62D0D51492B19DDF /* libPods-SFSymbolsPreview.a in Frameworks */,
			);
			runOnlyForDeploymentPostprocessing = 0;
		};
/* End PBXFrameworksBuildPhase section */

/* Begin PBXGroup section */
		7E0C9539247E65890029F521 = {
			isa = PBXGroup;
			children = (
				7E0C9544247E65890029F521 /* SFSymbolsPreview */,
				7E0C9543247E65890029F521 /* Products */,
				ACC80429322446D58FE5EDEA /* Pods */,
				C078522ACB532C3C8BB9B5FC /* Frameworks */,
			);
			sourceTree = "<group>";
		};
		7E0C9543247E65890029F521 /* Products */ = {
			isa = PBXGroup;
			children = (
				7E0C9542247E65890029F521 /* SF Symbols.app */,
			);
			name = Products;
			sourceTree = "<group>";
		};
		7E0C9544247E65890029F521 /* SFSymbolsPreview */ = {
			isa = PBXGroup;
			children = (
				CC36F11527D35951000C4495 /* SFSymbolsPreview.entitlements */,
				7EE40728247F8D1400A68520 /* Entrance */,
				7EE40716247F816200A68520 /* Resources */,
				7E0C9566247E6BB70029F521 /* Models */,
				7E0C9565247E6BB20029F521 /* Views */,
				7E0C9564247E6BAE0029F521 /* Controllers */,
				CC7A0FC027DCD51400C5DCD5 /* Extensions */,
				7E0C9551247E658C0029F521 /* Assets.xcassets */,
				7E0C9553247E658C0029F521 /* LaunchScreen.storyboard */,
				7E0C9556247E658C0029F521 /* Info.plist */,
				7E0C9557247E658C0029F521 /* main.m */,
				CC2A90D12C67D57700FF52E7 /* Localizable.strings */,
			);
			path = SFSymbolsPreview;
			sourceTree = "<group>";
		};
		7E0C9564247E6BAE0029F521 /* Controllers */ = {
			isa = PBXGroup;
			children = (
				CC7A0FB327DA3D7500C5DCD5 /* ObjectViewer */,
				7E0C957B247F588E0029F521 /* SFCategoriesViewController.h */,
				7E0C957C247F588E0029F521 /* SFCategoriesViewController.m */,
				7E0C955E247E65F50029F521 /* SymbolsViewController.h */,
				7E0C955F247E65F50029F521 /* SymbolsViewController.m */,
				7E0C9561247E6B520029F521 /* SymbolSearchResultsViewController.h */,
				7E0C9562247E6B520029F521 /* SymbolSearchResultsViewController.m */,
				CCE6170F27D871B7004E384D /* SymbolGroupedDetailsViewController.h */,
				CCE6171027D871B7004E384D /* SymbolGroupedDetailsViewController.m */,
			);
			path = Controllers;
			sourceTree = "<group>";
		};
		7E0C9565247E6BB20029F521 /* Views */ = {
			isa = PBXGroup;
			children = (
				7E0C956D247E71570029F521 /* SFReusableTitleView.h */,
				7E0C956E247E71570029F521 /* SFReusableTitleView.m */,
				7E0C9567247E6BD60029F521 /* SymbolPreviewCell.h */,
				7E0C9568247E6BD60029F521 /* SymbolPreviewCell.m */,
				CC5BBDE327D904B40021B9FB /* SymbolKeyValueTableViewCell.h */,
				CC5BBDE427D904B40021B9FB /* SymbolKeyValueTableViewCell.m */,
				CC5BBDE927D9054C0021B9FB /* SymbolActionTableViewCell.h */,
				CC5BBDEA27D9054C0021B9FB /* SymbolActionTableViewCell.m */,
				CC5BBDE627D9053E0021B9FB /* SymbolTextTableViewCell.h */,
				CC5BBDE727D9053E0021B9FB /* SymbolTextTableViewCell.m */,
				CC171F6D27E2CF3000981050 /* SFOutlineImageView.h */,
				CC171F6E27E2CF3000981050 /* SFOutlineImageView.m */,
			);
			path = Views;
			sourceTree = "<group>";
		};
		7E0C9566247E6BB70029F521 /* Models */ = {
			isa = PBXGroup;
			children = (
				7E0C9570247F43180029F521 /* SFSymbol.h */,
				7E0C9571247F43180029F521 /* SFSymbol.m */,
				CC36F11027D33E8B000C4495 /* SFSymbolAvailability.h */,
				CC36F11127D33E8B000C4495 /* SFSymbolAvailability.m */,
				7E0C957E247F5F280029F521 /* SFSymbolCategory.h */,
				7E0C957F247F5F280029F521 /* SFSymbolCategory.m */,
				7EE4071F247F861600A68520 /* SFSymbolDataSource.h */,
				7EE40720247F861600A68520 /* SFSymbolDataSource.m */,
			);
			path = Models;
			sourceTree = "<group>";
		};
		7EE40716247F816200A68520 /* Resources */ = {
			isa = PBXGroup;
			children = (
				CC36F11327D34E02000C4495 /* version.plist */,
				CC36F10427D3385B000C4495 /* categories.plist */,
				CCA4D98E27D367A2009D2777 /* layersets.plist */,
				CCA4D99F27D37C55009D2777 /* symbols.plist */,
				CC36F10827D3385D000C4495 /* symbol_categories.plist */,
				CC36F10327D3385B000C4495 /* name_availability.plist */,
				CC36F10627D3385C000C4495 /* layerset_availability.plist */,
				CCA4D99427D36BE7009D2777 /* symbol_variant_scripts.csv */,
				CC5BBDEC27D90EBA0021B9FB /* symbol_variant_scripts.json */,
				CC36F10527D3385C000C4495 /* name_aliases_strings.txt */,
				CC36F10727D3385C000C4495 /* legacy_aliases_strings.txt */,
				CC36F10227D3385B000C4495 /* symbol_search.plist */,
				CCA4D99227D36BE0009D2777 /* colors.csv */,
				CCEED35D27E043E10041247B /* Settings.bundle */,
			);
			path = Resources;
			sourceTree = "<group>";
		};
		7EE40728247F8D1400A68520 /* Entrance */ = {
			isa = PBXGroup;
			children = (
				7E0C9545247E65890029F521 /* AppDelegate.h */,
				7E0C9546247E65890029F521 /* AppDelegate.m */,
				7E0C9548247E65890029F521 /* SceneDelegate.h */,
				7E0C9549247E65890029F521 /* SceneDelegate.m */,
			);
			path = Entrance;
			sourceTree = "<group>";
		};
		ACC80429322446D58FE5EDEA /* Pods */ = {
			isa = PBXGroup;
			children = (
				3AC79A240E7B601DA91945A6 /* Pods-SFSymbolsPreview.debug.xcconfig */,
				4907949C136C32846895E058 /* Pods-SFSymbolsPreview.release.xcconfig */,
			);
			path = Pods;
			sourceTree = "<group>";
		};
		C078522ACB532C3C8BB9B5FC /* Frameworks */ = {
			isa = PBXGroup;
			children = (
				86802AD8D6BDAF81C550762A /* libPods-SFSymbolsPreview.a */,
			);
			name = Frameworks;
			sourceTree = "<group>";
		};
		CC7A0FB327DA3D7500C5DCD5 /* ObjectViewer */ = {
			isa = PBXGroup;
			children = (
				CC7A0FB727DA3D8200C5DCD5 /* ObjectCell.h */,
				CC7A0FB527DA3D8200C5DCD5 /* ObjectCell.m */,
				CC7A0FB927DA3D8200C5DCD5 /* ObjectNode-Private.h */,
				CC7A0FB427DA3D8200C5DCD5 /* ObjectNode.h */,
				CC7A0FBA27DA3D8200C5DCD5 /* ObjectNode.m */,
				CC7A0FB827DA3D8200C5DCD5 /* ObjectTableViewController.h */,
				CC7A0FB627DA3D8200C5DCD5 /* ObjectTableViewController.m */,
			);
			path = ObjectViewer;
			sourceTree = "<group>";
		};
		CC7A0FC027DCD51400C5DCD5 /* Extensions */ = {
			isa = PBXGroup;
			children = (
				CC7A0FC127DCD52C00C5DCD5 /* NSData+Hexadecimal.h */,
				CC7A0FC227DCD52C00C5DCD5 /* NSData+Hexadecimal.m */,
				CCEED35F27E084090041247B /* UIColor+HexColor.h */,
				CCEED36027E084090041247B /* UIColor+HexColor.m */,
			);
			path = Extensions;
			sourceTree = "<group>";
		};
/* End PBXGroup section */

/* Begin PBXNativeTarget section */
		7E0C9541247E65890029F521 /* SFSymbolsPreview */ = {
			isa = PBXNativeTarget;
			buildConfigurationList = 7E0C955B247E658C0029F521 /* Build configuration list for PBXNativeTarget "SFSymbolsPreview" */;
			buildPhases = (
				7E67FD968BA9824F0EF11CF2 /* [CP] Check Pods Manifest.lock */,
				7E0C953E247E65890029F521 /* Sources */,
				7E0C953F247E65890029F521 /* Frameworks */,
				7E0C9540247E65890029F521 /* Resources */,
			);
			buildRules = (
			);
			dependencies = (
			);
			name = SFSymbolsPreview;
			productName = SFSymbolsPreview;
			productReference = 7E0C9542247E65890029F521 /* SF Symbols.app */;
			productType = "com.apple.product-type.application";
		};
/* End PBXNativeTarget section */

/* Begin PBXProject section */
		7E0C953A247E65890029F521 /* Project object */ = {
			isa = PBXProject;
			attributes = {
				BuildIndependentTargetsInParallel = YES;
				LastUpgradeCheck = 1540;
				ORGANIZATIONNAME = "YICAI YANG";
				TargetAttributes = {
					7E0C9541247E65890029F521 = {
						CreatedOnToolsVersion = 11.5;
					};
				};
			};
			buildConfigurationList = 7E0C953D247E65890029F521 /* Build configuration list for PBXProject "SFSymbolsPreview" */;
			compatibilityVersion = "Xcode 9.3";
			developmentRegion = en;
			hasScannedForEncodings = 0;
			knownRegions = (
				en,
				Base,
				"zh-Hans",
			);
			mainGroup = 7E0C9539247E65890029F521;
			productRefGroup = 7E0C9543247E65890029F521 /* Products */;
			projectDirPath = "";
			projectRoot = "";
			targets = (
				7E0C9541247E65890029F521 /* SFSymbolsPreview */,
			);
		};
/* End PBXProject section */

/* Begin PBXResourcesBuildPhase section */
		7E0C9540247E65890029F521 /* Resources */ = {
			isa = PBXResourcesBuildPhase;
			buildActionMask = 2147483647;
			files = (
				CCA4D9A027D37C55009D2777 /* symbols.plist in Resources */,
				CC36F10F27D3385D000C4495 /* symbol_categories.plist in Resources */,
				CC36F10A27D3385D000C4495 /* name_availability.plist in Resources */,
				CCA4D99327D36BE0009D2777 /* colors.csv in Resources */,
				CC36F10E27D3385D000C4495 /* legacy_aliases_strings.txt in Resources */,
				CC36F10D27D3385D000C4495 /* layerset_availability.plist in Resources */,
				CCA4D99527D36BE7009D2777 /* symbol_variant_scripts.csv in Resources */,
				CC36F10C27D3385D000C4495 /* name_aliases_strings.txt in Resources */,
				CCEED35E27E043E10041247B /* Settings.bundle in Resources */,
				7E0C9555247E658C0029F521 /* LaunchScreen.storyboard in Resources */,
				CC36F10927D3385D000C4495 /* symbol_search.plist in Resources */,
				CC36F11427D34E02000C4495 /* version.plist in Resources */,
				CC5BBDED27D90EBA0021B9FB /* symbol_variant_scripts.json in Resources */,
				CC2A90D32C67D57700FF52E7 /* Localizable.strings in Resources */,
				CC36F10B27D3385D000C4495 /* categories.plist in Resources */,
				7E0C9552247E658C0029F521 /* Assets.xcassets in Resources */,
			);
			runOnlyForDeploymentPostprocessing = 0;
		};
/* End PBXResourcesBuildPhase section */

/* Begin PBXShellScriptBuildPhase section */
		7E67FD968BA9824F0EF11CF2 /* [CP] Check Pods Manifest.lock */ = {
			isa = PBXShellScriptBuildPhase;
			buildActionMask = 2147483647;
			files = (
			);
			inputFileListPaths = (
			);
			inputPaths = (
				"${PODS_PODFILE_DIR_PATH}/Podfile.lock",
				"${PODS_ROOT}/Manifest.lock",
			);
			name = "[CP] Check Pods Manifest.lock";
			outputFileListPaths = (
			);
			outputPaths = (
				"$(DERIVED_FILE_DIR)/Pods-SFSymbolsPreview-checkManifestLockResult.txt",
			);
			runOnlyForDeploymentPostprocessing = 0;
			shellPath = /bin/sh;
			shellScript = "diff \"${PODS_PODFILE_DIR_PATH}/Podfile.lock\" \"${PODS_ROOT}/Manifest.lock\" > /dev/null\nif [ $? != 0 ] ; then\n    # print error to STDERR\n    echo \"error: The sandbox is not in sync with the Podfile.lock. Run 'pod install' or update your CocoaPods installation.\" >&2\n    exit 1\nfi\n# This output is used by Xcode 'outputs' to avoid re-running this script phase.\necho \"SUCCESS\" > \"${SCRIPT_OUTPUT_FILE_0}\"\n";
			showEnvVarsInLog = 0;
		};
/* End PBXShellScriptBuildPhase section */

/* Begin PBXSourcesBuildPhase section */
		7E0C953E247E65890029F521 /* Sources */ = {
			isa = PBXSourcesBuildPhase;
			buildActionMask = 2147483647;
			files = (
				CCE6171127D871B7004E384D /* SymbolGroupedDetailsViewController.m in Sources */,
				7E0C9580247F5F280029F521 /* SFSymbolCategory.m in Sources */,
				CC5BBDE827D9053E0021B9FB /* SymbolTextTableViewCell.m in Sources */,
				CC5BBDE527D904B40021B9FB /* SymbolKeyValueTableViewCell.m in Sources */,
				7E0C9569247E6BD60029F521 /* SymbolPreviewCell.m in Sources */,
				7E0C9547247E65890029F521 /* AppDelegate.m in Sources */,
				7E0C9558247E658C0029F521 /* main.m in Sources */,
				7EE40721247F861600A68520 /* SFSymbolDataSource.m in Sources */,
				CC7A0FBB27DA3D8200C5DCD5 /* ObjectCell.m in Sources */,
				7E0C9560247E65F50029F521 /* SymbolsViewController.m in Sources */,
				7E0C954A247E65890029F521 /* SceneDelegate.m in Sources */,
				7E0C956F247E71570029F521 /* SFReusableTitleView.m in Sources */,
				CC171F6F27E2CF3000981050 /* SFOutlineImageView.m in Sources */,
				CC7A0FBC27DA3D8200C5DCD5 /* ObjectTableViewController.m in Sources */,
				CC5BBDEB27D9054C0021B9FB /* SymbolActionTableViewCell.m in Sources */,
				CCEED36127E084090041247B /* UIColor+HexColor.m in Sources */,
				CC7A0FC327DCD52C00C5DCD5 /* NSData+Hexadecimal.m in Sources */,
				CC7A0FBD27DA3D8200C5DCD5 /* ObjectNode.m in Sources */,
				7E0C9563247E6B520029F521 /* SymbolSearchResultsViewController.m in Sources */,
				7E0C957D247F588E0029F521 /* SFCategoriesViewController.m in Sources */,
				CC36F11227D33E8B000C4495 /* SFSymbolAvailability.m in Sources */,
				7E0C9572247F43180029F521 /* SFSymbol.m in Sources */,
			);
			runOnlyForDeploymentPostprocessing = 0;
		};
/* End PBXSourcesBuildPhase section */

/* Begin PBXVariantGroup section */
		7E0C9553247E658C0029F521 /* LaunchScreen.storyboard */ = {
			isa = PBXVariantGroup;
			children = (
				7E0C9554247E658C0029F521 /* Base */,
			);
			name = LaunchScreen.storyboard;
			sourceTree = "<group>";
		};
		CC2A90D12C67D57700FF52E7 /* Localizable.strings */ = {
			isa = PBXVariantGroup;
			children = (
				CC2A90D22C67D57700FF52E7 /* en */,
				CC2A90D42C67D5A700FF52E7 /* zh-Hans */,
			);
			name = Localizable.strings;
			sourceTree = "<group>";
		};
/* End PBXVariantGroup section */

/* Begin XCBuildConfiguration section */
		7E0C9559247E658C0029F521 /* Debug */ = {
			isa = XCBuildConfiguration;
			buildSettings = {
				ALWAYS_SEARCH_USER_PATHS = NO;
				ASSETCATALOG_COMPILER_GENERATE_SWIFT_ASSET_SYMBOL_EXTENSIONS = YES;
				CLANG_ANALYZER_LOCALIZABILITY_NONLOCALIZED = YES;
				CLANG_ANALYZER_NONNULL = YES;
				CLANG_ANALYZER_NUMBER_OBJECT_CONVERSION = YES_AGGRESSIVE;
				CLANG_CXX_LANGUAGE_STANDARD = "gnu++14";
				CLANG_CXX_LIBRARY = "libc++";
				CLANG_ENABLE_MODULES = YES;
				CLANG_ENABLE_OBJC_ARC = YES;
				CLANG_ENABLE_OBJC_WEAK = YES;
				CLANG_WARN_BLOCK_CAPTURE_AUTORELEASING = YES;
				CLANG_WARN_BOOL_CONVERSION = YES;
				CLANG_WARN_COMMA = YES;
				CLANG_WARN_CONSTANT_CONVERSION = YES;
				CLANG_WARN_DEPRECATED_OBJC_IMPLEMENTATIONS = YES;
				CLANG_WARN_DIRECT_OBJC_ISA_USAGE = YES_ERROR;
				CLANG_WARN_DOCUMENTATION_COMMENTS = YES;
				CLANG_WARN_EMPTY_BODY = YES;
				CLANG_WARN_ENUM_CONVERSION = YES;
				CLANG_WARN_INFINITE_RECURSION = YES;
				CLANG_WARN_INT_CONVERSION = YES;
				CLANG_WARN_NON_LITERAL_NULL_CONVERSION = YES;
				CLANG_WARN_OBJC_IMPLICIT_RETAIN_SELF = YES;
				CLANG_WARN_OBJC_LITERAL_CONVERSION = YES;
				CLANG_WARN_OBJC_ROOT_CLASS = YES_ERROR;
				CLANG_WARN_QUOTED_INCLUDE_IN_FRAMEWORK_HEADER = YES;
				CLANG_WARN_RANGE_LOOP_ANALYSIS = YES;
				CLANG_WARN_STRICT_PROTOTYPES = YES;
				CLANG_WARN_SUSPICIOUS_MOVE = YES;
				CLANG_WARN_UNGUARDED_AVAILABILITY = YES_AGGRESSIVE;
				CLANG_WARN_UNREACHABLE_CODE = YES;
				CLANG_WARN__DUPLICATE_METHOD_MATCH = YES;
				COPY_PHASE_STRIP = NO;
				DEBUG_INFORMATION_FORMAT = dwarf;
				ENABLE_STRICT_OBJC_MSGSEND = YES;
				ENABLE_TESTABILITY = YES;
				ENABLE_USER_SCRIPT_SANDBOXING = YES;
				GCC_C_LANGUAGE_STANDARD = gnu11;
				GCC_DYNAMIC_NO_PIC = NO;
				GCC_NO_COMMON_BLOCKS = YES;
				GCC_OPTIMIZATION_LEVEL = 0;
				GCC_PREPROCESSOR_DEFINITIONS = (
					"DEBUG=1",
					"$(inherited)",
				);
				GCC_WARN_64_TO_32_BIT_CONVERSION = YES;
				GCC_WARN_ABOUT_RETURN_TYPE = YES_ERROR;
				GCC_WARN_UNDECLARED_SELECTOR = YES;
				GCC_WARN_UNINITIALIZED_AUTOS = YES_AGGRESSIVE;
				GCC_WARN_UNUSED_FUNCTION = YES;
				GCC_WARN_UNUSED_VARIABLE = YES;
				IPHONEOS_DEPLOYMENT_TARGET = 13.0;
				MTL_ENABLE_DEBUG_INFO = INCLUDE_SOURCE;
				MTL_FAST_MATH = YES;
				ONLY_ACTIVE_ARCH = YES;
				SDKROOT = iphoneos;
			};
			name = Debug;
		};
		7E0C955A247E658C0029F521 /* Release */ = {
			isa = XCBuildConfiguration;
			buildSettings = {
				ALWAYS_SEARCH_USER_PATHS = NO;
				ASSETCATALOG_COMPILER_GENERATE_SWIFT_ASSET_SYMBOL_EXTENSIONS = YES;
				CLANG_ANALYZER_LOCALIZABILITY_NONLOCALIZED = YES;
				CLANG_ANALYZER_NONNULL = YES;
				CLANG_ANALYZER_NUMBER_OBJECT_CONVERSION = YES_AGGRESSIVE;
				CLANG_CXX_LANGUAGE_STANDARD = "gnu++14";
				CLANG_CXX_LIBRARY = "libc++";
				CLANG_ENABLE_MODULES = YES;
				CLANG_ENABLE_OBJC_ARC = YES;
				CLANG_ENABLE_OBJC_WEAK = YES;
				CLANG_WARN_BLOCK_CAPTURE_AUTORELEASING = YES;
				CLANG_WARN_BOOL_CONVERSION = YES;
				CLANG_WARN_COMMA = YES;
				CLANG_WARN_CONSTANT_CONVERSION = YES;
				CLANG_WARN_DEPRECATED_OBJC_IMPLEMENTATIONS = YES;
				CLANG_WARN_DIRECT_OBJC_ISA_USAGE = YES_ERROR;
				CLANG_WARN_DOCUMENTATION_COMMENTS = YES;
				CLANG_WARN_EMPTY_BODY = YES;
				CLANG_WARN_ENUM_CONVERSION = YES;
				CLANG_WARN_INFINITE_RECURSION = YES;
				CLANG_WARN_INT_CONVERSION = YES;
				CLANG_WARN_NON_LITERAL_NULL_CONVERSION = YES;
				CLANG_WARN_OBJC_IMPLICIT_RETAIN_SELF = YES;
				CLANG_WARN_OBJC_LITERAL_CONVERSION = YES;
				CLANG_WARN_OBJC_ROOT_CLASS = YES_ERROR;
				CLANG_WARN_QUOTED_INCLUDE_IN_FRAMEWORK_HEADER = YES;
				CLANG_WARN_RANGE_LOOP_ANALYSIS = YES;
				CLANG_WARN_STRICT_PROTOTYPES = YES;
				CLANG_WARN_SUSPICIOUS_MOVE = YES;
				CLANG_WARN_UNGUARDED_AVAILABILITY = YES_AGGRESSIVE;
				CLANG_WARN_UNREACHABLE_CODE = YES;
				CLANG_WARN__DUPLICATE_METHOD_MATCH = YES;
				COPY_PHASE_STRIP = NO;
				DEBUG_INFORMATION_FORMAT = "dwarf-with-dsym";
				ENABLE_NS_ASSERTIONS = NO;
				ENABLE_STRICT_OBJC_MSGSEND = YES;
				ENABLE_USER_SCRIPT_SANDBOXING = YES;
				GCC_C_LANGUAGE_STANDARD = gnu11;
				GCC_NO_COMMON_BLOCKS = YES;
				GCC_WARN_64_TO_32_BIT_CONVERSION = YES;
				GCC_WARN_ABOUT_RETURN_TYPE = YES_ERROR;
				GCC_WARN_UNDECLARED_SELECTOR = YES;
				GCC_WARN_UNINITIALIZED_AUTOS = YES_AGGRESSIVE;
				GCC_WARN_UNUSED_FUNCTION = YES;
				GCC_WARN_UNUSED_VARIABLE = YES;
				IPHONEOS_DEPLOYMENT_TARGET = 13.0;
				MTL_ENABLE_DEBUG_INFO = NO;
				MTL_FAST_MATH = YES;
				SDKROOT = iphoneos;
				VALIDATE_PRODUCT = YES;
			};
			name = Release;
		};
		7E0C955C247E658C0029F521 /* Debug */ = {
			isa = XCBuildConfiguration;
			baseConfigurationReference = 3AC79A240E7B601DA91945A6 /* Pods-SFSymbolsPreview.debug.xcconfig */;
			buildSettings = {
				ASSETCATALOG_COMPILER_APPICON_NAME = AppIcon;
				CODE_SIGN_ENTITLEMENTS = SFSymbolsPreview/SFSymbolsPreview.entitlements;
				CODE_SIGN_STYLE = Automatic;
				DEVELOPMENT_TEAM = GXZ23M5TP2;
				INFOPLIST_FILE = SFSymbolsPreview/Info.plist;
				INFOPLIST_KEY_CFBundleDisplayName = "SF Symbols";
				INFOPLIST_KEY_LSApplicationCategoryType = "public.app-category.developer-tools";
				IPHONEOS_DEPLOYMENT_TARGET = 13.0;
				LD_RUNPATH_SEARCH_PATHS = (
					"$(inherited)",
					"@executable_path/Frameworks",
				);
				MARKETING_VERSION = 51.1;
				PRODUCT_BUNDLE_IDENTIFIER = com.82flex.SFSymbolsPreview;
				PRODUCT_NAME = "SF Symbols";
				SUPPORTED_PLATFORMS = "iphoneos iphonesimulator";
				SUPPORTS_MACCATALYST = NO;
				SUPPORTS_MAC_DESIGNED_FOR_IPHONE_IPAD = YES;
				TARGETED_DEVICE_FAMILY = "1,2";
			};
			name = Debug;
		};
		7E0C955D247E658C0029F521 /* Release */ = {
			isa = XCBuildConfiguration;
			baseConfigurationReference = 4907949C136C32846895E058 /* Pods-SFSymbolsPreview.release.xcconfig */;
			buildSettings = {
				ASSETCATALOG_COMPILER_APPICON_NAME = AppIcon;
				CODE_SIGN_ENTITLEMENTS = SFSymbolsPreview/SFSymbolsPreview.entitlements;
				CODE_SIGN_STYLE = Automatic;
				DEVELOPMENT_TEAM = GXZ23M5TP2;
				INFOPLIST_FILE = SFSymbolsPreview/Info.plist;
				INFOPLIST_KEY_CFBundleDisplayName = "SF Symbols";
				INFOPLIST_KEY_LSApplicationCategoryType = "public.app-category.developer-tools";
				IPHONEOS_DEPLOYMENT_TARGET = 13.0;
				LD_RUNPATH_SEARCH_PATHS = (
					"$(inherited)",
					"@executable_path/Frameworks",
				);
				MARKETING_VERSION = 51.1;
				PRODUCT_BUNDLE_IDENTIFIER = com.82flex.SFSymbolsPreview;
				PRODUCT_NAME = "SF Symbols";
				SUPPORTED_PLATFORMS = "iphoneos iphonesimulator";
				SUPPORTS_MACCATALYST = NO;
				SUPPORTS_MAC_DESIGNED_FOR_IPHONE_IPAD = YES;
				TARGETED_DEVICE_FAMILY = "1,2";
			};
			name = Release;
		};
/* End XCBuildConfiguration section */

/* Begin XCConfigurationList section */
		7E0C953D247E65890029F521 /* Build configuration list for PBXProject "SFSymbolsPreview" */ = {
			isa = XCConfigurationList;
			buildConfigurations = (
				7E0C9559247E658C0029F521 /* Debug */,
				7E0C955A247E658C0029F521 /* Release */,
			);
			defaultConfigurationIsVisible = 0;
			defaultConfigurationName = Release;
		};
		7E0C955B247E658C0029F521 /* Build configuration list for PBXNativeTarget "SFSymbolsPreview" */ = {
			isa = XCConfigurationList;
			buildConfigurations = (
				7E0C955C247E658C0029F521 /* Debug */,
				7E0C955D247E658C0029F521 /* Release */,
			);
			defaultConfigurationIsVisible = 0;
			defaultConfigurationName = Release;
		};
/* End XCConfigurationList section */
	};
	rootObject = 7E0C953A247E65890029F521 /* Project object */;
}
